
Microsoft Visual Studio Solution File, Format Version 12.00
# Visual Studio Version 16
VisualStudioVersion = 16.0.30907.101
MinimumVisualStudioVersion = 10.0.40219.1
Project("{FAE04EC0-301F-11D3-BF4B-00C04F79EFBC}") = "PersianDateTools", "PersianDateTools\PersianDateTools.csproj", "{68C8AD65-03F5-4D86-9C37-5BEBDB12F7DD}"
EndProject
Global
	GlobalSection(SolutionConfigurationPlatforms) = preSolution
		Debug|Any CPU = Debug|Any CPU
		Release|Any CPU = Release|Any CPU
	EndGlobalSection
	GlobalSection(ProjectConfigurationPlatforms) = postSolution
		{68C8AD65-03F5-4D86-9C37-5BEBDB12F7DD}.Debug|Any CPU.ActiveCfg = Debug|Any CPU
		{68C8AD65-03F5-4D86-9C37-5BEBDB12F7DD}.Debug|Any CPU.Build.0 = Debug|Any CPU
		{68C8AD65-03F5-4D86-9C37-5BEBDB12F7DD}.Release|Any CPU.ActiveCfg = Release|Any CPU
		{68C8AD65-03F5-4D86-9C37-5BEBDB12F7DD}.Release|Any CPU.Build.0 = Release|Any CPU
	EndGlobalSection
	GlobalSection(SolutionProperties) = preSolution
		HideSolutionNode = FALSE
	EndGlobalSection
	GlobalSection(ExtensibilityGlobals) = postSolution
		SolutionGuid = {DA7EF2EF-D51E-4213-BD7B-969D46759145}
	EndGlobalSection
EndGlobal
